
Microsoft Visual Studio Solution File, Format Version 12.00
# Visual Studio Version 17
VisualStudioVersion = 17.9.34723.18
MinimumVisualStudioVersion = 10.0.40219.1
Project("{9A19103F-16F7-4668-BE54-9A1E7A4F7556}") = "ApiGatewayNbg", "ApiGatewayNbg\ApiGatewayNbg.csproj", "{450F9762-55ED-4308-9440-A47FDE008E24}"
EndProject
Project("{9A19103F-16F7-4668-BE54-9A1E7A4F7556}") = "ApiProduct", "ApiProduct\ApiProduct.csproj", "{9F104479-DB1C-469D-AC6D-30E09A4BEA19}"
EndProject
Project("{9A19103F-16F7-4668-BE54-9A1E7A4F7556}") = "ApiCustomer", "ApiCustomer\ApiCustomer.csproj", "{B5CA929D-117B-4EAF-B484-C15D360231A8}"
EndProject
Project("{9A19103F-16F7-4668-BE54-9A1E7A4F7556}") = "Customer2", "Customer2\Customer2.csproj", "{89B606FF-9920-4617-A941-0862BAD2E3A9}"
EndProject
Project("{9A19103F-16F7-4668-BE54-9A1E7A4F7556}") = "ApiProduct2", "ApiProduct2\ApiProduct2.csproj", "{8FF05243-4392-418B-9F0B-00FE7F510952}"
EndProject
Project("{FAE04EC0-301F-11D3-BF4B-00C04F79EFBC}") = "CustomerTest", "CustomerTest\CustomerTest.csproj", "{797A7B02-9EE3-4BBE-ABFE-7A8D540C74DA}"
EndProject
Global
	GlobalSection(SolutionConfigurationPlatforms) = preSolution
		Debug|Any CPU = Debug|Any CPU
		Release|Any CPU = Release|Any CPU
	EndGlobalSection
	GlobalSection(ProjectConfigurationPlatforms) = postSolution
		{450F9762-55ED-4308-9440-A47FDE008E24}.Debug|Any CPU.ActiveCfg = Debug|Any CPU
		{450F9762-55ED-4308-9440-A47FDE008E24}.Debug|Any CPU.Build.0 = Debug|Any CPU
		{450F9762-55ED-4308-9440-A47FDE008E24}.Release|Any CPU.ActiveCfg = Release|Any CPU
		{450F9762-55ED-4308-9440-A47FDE008E24}.Release|Any CPU.Build.0 = Release|Any CPU
		{9F104479-DB1C-469D-AC6D-30E09A4BEA19}.Debug|Any CPU.ActiveCfg = Debug|Any CPU
		{9F104479-DB1C-469D-AC6D-30E09A4BEA19}.Debug|Any CPU.Build.0 = Debug|Any CPU
		{9F104479-DB1C-469D-AC6D-30E09A4BEA19}.Release|Any CPU.ActiveCfg = Release|Any CPU
		{9F104479-DB1C-469D-AC6D-30E09A4BEA19}.Release|Any CPU.Build.0 = Release|Any CPU
		{B5CA929D-117B-4EAF-B484-C15D360231A8}.Debug|Any CPU.ActiveCfg = Debug|Any CPU
		{B5CA929D-117B-4EAF-B484-C15D360231A8}.Debug|Any CPU.Build.0 = Debug|Any CPU
		{B5CA929D-117B-4EAF-B484-C15D360231A8}.Release|Any CPU.ActiveCfg = Release|Any CPU
		{B5CA929D-117B-4EAF-B484-C15D360231A8}.Release|Any CPU.Build.0 = Release|Any CPU
		{89B606FF-9920-4617-A941-0862BAD2E3A9}.Debug|Any CPU.ActiveCfg = Debug|Any CPU
		{89B606FF-9920-4617-A941-0862BAD2E3A9}.Debug|Any CPU.Build.0 = Debug|Any CPU
		{89B606FF-9920-4617-A941-0862BAD2E3A9}.Release|Any CPU.ActiveCfg = Release|Any CPU
		{89B606FF-9920-4617-A941-0862BAD2E3A9}.Release|Any CPU.Build.0 = Release|Any CPU
		{8FF05243-4392-418B-9F0B-00FE7F510952}.Debug|Any CPU.ActiveCfg = Debug|Any CPU
		{8FF05243-4392-418B-9F0B-00FE7F510952}.Debug|Any CPU.Build.0 = Debug|Any CPU
		{8FF05243-4392-418B-9F0B-00FE7F510952}.Release|Any CPU.ActiveCfg = Release|Any CPU
		{8FF05243-4392-418B-9F0B-00FE7F510952}.Release|Any CPU.Build.0 = Release|Any CPU
		{797A7B02-9EE3-4BBE-ABFE-7A8D540C74DA}.Debug|Any CPU.ActiveCfg = Debug|Any CPU
		{797A7B02-9EE3-4BBE-ABFE-7A8D540C74DA}.Debug|Any CPU.Build.0 = Debug|Any CPU
		{797A7B02-9EE3-4BBE-ABFE-7A8D540C74DA}.Release|Any CPU.ActiveCfg = Release|Any CPU
		{797A7B02-9EE3-4BBE-ABFE-7A8D540C74DA}.Release|Any CPU.Build.0 = Release|Any CPU
	EndGlobalSection
	GlobalSection(SolutionProperties) = preSolution
		HideSolutionNode = FALSE
	EndGlobalSection
	GlobalSection(ExtensibilityGlobals) = postSolution
		SolutionGuid = {8AB30D6E-6770-4739-8DC1-E459A3E12F0D}
	EndGlobalSection
EndGlobal
